PODS:
  - ImageRecognitionSDK (0.1.0)

DEPENDENCIES:
  - ImageRecognitionSDK (from `../`)

EXTERNAL SOURCES:
  ImageRecognitionSDK:
    :path: "../"

SPEC CHECKSUMS:
  ImageRecognitionSDK: 6cd3ff1235a1ddc67d957d79d7f1dd3d0bacb5c4

PODFILE CHECKSUM: 7ac94ff7563c930e4ad6f2b16bdac6c05c319788

COCOAPODS: 1.6.0.beta.2
